
Microsoft Visual Studio Solution File, Format Version 12.00
# Visual Studio Version 16
VisualStudioVersion = 16.0.29503.13
MinimumVisualStudioVersion = 10.0.40219.1
Project("{FAE04EC0-301F-11D3-BF4B-00C04F79EFBC}") = "MvcBasic_Clone", "MvcBasic_Clone\MvcBasic_Clone.csproj", "{45DE66E7-F63D-4C1D-98F2-DE94ECBA6BDD}"
EndProject
Global
	GlobalSection(SolutionConfigurationPlatforms) = preSolution
		Debug|Any CPU = Debug|Any CPU
		Release|Any CPU = Release|Any CPU
	EndGlobalSection
	GlobalSection(ProjectConfigurationPlatforms) = postSolution
		{45DE66E7-F63D-4C1D-98F2-DE94ECBA6BDD}.Debug|Any CPU.ActiveCfg = Debug|Any CPU
		{45DE66E7-F63D-4C1D-98F2-DE94ECBA6BDD}.Debug|Any CPU.Build.0 = Debug|Any CPU
		{45DE66E7-F63D-4C1D-98F2-DE94ECBA6BDD}.Release|Any CPU.ActiveCfg = Release|Any CPU
		{45DE66E7-F63D-4C1D-98F2-DE94ECBA6BDD}.Release|Any CPU.Build.0 = Release|Any CPU
	EndGlobalSection
	GlobalSection(SolutionProperties) = preSolution
		HideSolutionNode = FALSE
	EndGlobalSection
	GlobalSection(ExtensibilityGlobals) = postSolution
		SolutionGuid = {C33ACC42-1B9C-4A4B-AC46-80BEB7AD699E}
	EndGlobalSection
EndGlobal
